
Microsoft Visual Studio Solution File, Format Version 12.00
# Visual Studio 2013
VisualStudioVersion = 12.0.40629.0
MinimumVisualStudioVersion = 10.0.40219.1
Project("{8BC9CEB8-8B4A-11D0-8D11-00A0C91BC942}") = "Siglus", "Siglus\Siglus.vcxproj", "{7FF3DE91-55E7-4524-8CFA-2D94FBDF6B90}"
	ProjectSection(ProjectDependencies) = postProject
		{99F6C211-DDFC-404B-832C-2DA43DF84163} = {99F6C211-DDFC-404B-832C-2DA43DF84163}
		{D7B64722-4D93-4AB7-A563-D24E17A951CD} = {D7B64722-4D93-4AB7-A563-D24E17A951CD}
		{163E8A56-A3A8-45B0-9D6C-C962F8D71382} = {163E8A56-A3A8-45B0-9D6C-C962F8D71382}
		{9C0FA26E-BF22-4267-B205-C852EF9B2EF5} = {9C0FA26E-BF22-4267-B205-C852EF9B2EF5}
		{6C4B2EA3-8510-4573-B98D-789335693927} = {6C4B2EA3-8510-4573-B98D-789335693927}
	EndProjectSection
EndProject
Project("{8BC9CEB8-8B4A-11D0-8D11-00A0C91BC942}") = "TonaLib3", "..\Tona3\TonaLib3\TonaLib3.vcxproj", "{9C0FA26E-BF22-4267-B205-C852EF9B2EF5}"
EndProject
Project("{8BC9CEB8-8B4A-11D0-8D11-00A0C91BC942}") = "TonaGraphicLib3", "..\Tona3\TonaGraphicLib3\TonaGraphicLib3.vcxproj", "{6C4B2EA3-8510-4573-B98D-789335693927}"
EndProject
Project("{8BC9CEB8-8B4A-11D0-8D11-00A0C91BC942}") = "TonaSoundLib3", "..\Tona3\TonaSoundLib3\TonaSoundLib3.vcxproj", "{D7B64722-4D93-4AB7-A563-D24E17A951CD}"
EndProject
Project("{8BC9CEB8-8B4A-11D0-8D11-00A0C91BC942}") = "TonaWindowLib3", "..\Tona3\TonaWindowLib3\TonaWindowLib3.vcxproj", "{163E8A56-A3A8-45B0-9D6C-C962F8D71382}"
EndProject
Project("{8BC9CEB8-8B4A-11D0-8D11-00A0C91BC942}") = "TonaD3DLib3", "..\Tona3\TonaD3DLib3\TonaD3DLib3.vcxproj", "{99F6C211-DDFC-404B-832C-2DA43DF84163}"
EndProject
Project("{8BC9CEB8-8B4A-11D0-8D11-00A0C91BC942}") = "TonaNetLib3", "..\Tona3\TonaNetLib3\TonaNetLib3.vcxproj", "{9E0F86C7-8DBA-498F-9038-7BB54F87A6B4}"
EndProject
Project("{8BC9CEB8-8B4A-11D0-8D11-00A0C91BC942}") = "SiglusCompiler", "SiglusCompiler\SiglusCompiler.vcxproj", "{9C1ED60D-3D5F-4193-81EE-B201D384ADA8}"
EndProject
Global
	GlobalSection(SolutionConfigurationPlatforms) = preSolution
		Debug_Emote|Win32 = Debug_Emote|Win32
		Debug_EN|Win32 = Debug_EN|Win32
		Debug_Steam|Win32 = Debug_Steam|Win32
		Debug_SteamEN|Win32 = Debug_SteamEN|Win32
		Debug_ZH|Win32 = Debug_ZH|Win32
		Debug|Win32 = Debug|Win32
		Release_Emote|Win32 = Release_Emote|Win32
		Release_EN|Win32 = Release_EN|Win32
		Release_Steam|Win32 = Release_Steam|Win32
		Release_SteamDE|Win32 = Release_SteamDE|Win32
		Release_SteamEN|Win32 = Release_SteamEN|Win32
		Release_SteamES|Win32 = Release_SteamES|Win32
		Release_SteamFR|Win32 = Release_SteamFR|Win32
		Release_SteamID|Win32 = Release_SteamID|Win32
		Release_SteamZH|Win32 = Release_SteamZH|Win32
		Release_SteamZHTW|Win32 = Release_SteamZHTW|Win32
		Release_ZH|Win32 = Release_ZH|Win32
		Release_ZHTW|Win32 = Release_ZHTW|Win32
		Release|Win32 = Release|Win32
		Test_DE|Win32 = Test_DE|Win32
		Test_Emote|Win32 = Test_Emote|Win32
		Test_EN|Win32 = Test_EN|Win32
		Test_ES|Win32 = Test_ES|Win32
		Test_FR|Win32 = Test_FR|Win32
		Test_ID|Win32 = Test_ID|Win32
		Test_ZH|Win32 = Test_ZH|Win32
		Test_ZHTW|Win32 = Test_ZHTW|Win32
		Test|Win32 = Test|Win32
	EndGlobalSection
	GlobalSection(ProjectConfigurationPlatforms) = postSolution
		{7FF3DE91-55E7-4524-8CFA-2D94FBDF6B90}.Debug_Emote|Win32.ActiveCfg = Debug_Emote|Win32
		{7FF3DE91-55E7-4524-8CFA-2D94FBDF6B90}.Debug_Emote|Win32.Build.0 = Debug_Emote|Win32
		{7FF3DE91-55E7-4524-8CFA-2D94FBDF6B90}.Debug_EN|Win32.ActiveCfg = Debug_EN|Win32
		{7FF3DE91-55E7-4524-8CFA-2D94FBDF6B90}.Debug_EN|Win32.Build.0 = Debug_EN|Win32
		{7FF3DE91-55E7-4524-8CFA-2D94FBDF6B90}.Debug_Steam|Win32.ActiveCfg = Debug_Steam|Win32
		{7FF3DE91-55E7-4524-8CFA-2D94FBDF6B90}.Debug_Steam|Win32.Build.0 = Debug_Steam|Win32
		{7FF3DE91-55E7-4524-8CFA-2D94FBDF6B90}.Debug_SteamEN|Win32.ActiveCfg = Debug_SteamEN|Win32
		{7FF3DE91-55E7-4524-8CFA-2D94FBDF6B90}.Debug_SteamEN|Win32.Build.0 = Debug_SteamEN|Win32
		{7FF3DE91-55E7-4524-8CFA-2D94FBDF6B90}.Debug_ZH|Win32.ActiveCfg = Debug_ZH|Win32
		{7FF3DE91-55E7-4524-8CFA-2D94FBDF6B90}.Debug_ZH|Win32.Build.0 = Debug_ZH|Win32
		{7FF3DE91-55E7-4524-8CFA-2D94FBDF6B90}.Debug|Win32.ActiveCfg = Debug|Win32
		{7FF3DE91-55E7-4524-8CFA-2D94FBDF6B90}.Debug|Win32.Build.0 = Debug|Win32
		{7FF3DE91-55E7-4524-8CFA-2D94FBDF6B90}.Release_Emote|Win32.ActiveCfg = Release_Emote|Win32
		{7FF3DE91-55E7-4524-8CFA-2D94FBDF6B90}.Release_Emote|Win32.Build.0 = Release_Emote|Win32
		{7FF3DE91-55E7-4524-8CFA-2D94FBDF6B90}.Release_EN|Win32.ActiveCfg = Release_EN|Win32
		{7FF3DE91-55E7-4524-8CFA-2D94FBDF6B90}.Release_EN|Win32.Build.0 = Release_EN|Win32
		{7FF3DE91-55E7-4524-8CFA-2D94FBDF6B90}.Release_Steam|Win32.ActiveCfg = Release_Steam|Win32
		{7FF3DE91-55E7-4524-8CFA-2D94FBDF6B90}.Release_Steam|Win32.Build.0 = Release_Steam|Win32
		{7FF3DE91-55E7-4524-8CFA-2D94FBDF6B90}.Release_SteamDE|Win32.ActiveCfg = Release_SteamDE|Win32
		{7FF3DE91-55E7-4524-8CFA-2D94FBDF6B90}.Release_SteamDE|Win32.Build.0 = Release_SteamDE|Win32
		{7FF3DE91-55E7-4524-8CFA-2D94FBDF6B90}.Release_SteamEN|Win32.ActiveCfg = Release_SteamEN|Win32
		{7FF3DE91-55E7-4524-8CFA-2D94FBDF6B90}.Release_SteamEN|Win32.Build.0 = Release_SteamEN|Win32
		{7FF3DE91-55E7-4524-8CFA-2D94FBDF6B90}.Release_SteamES|Win32.ActiveCfg = Release_SteamES|Win32
		{7FF3DE91-55E7-4524-8CFA-2D94FBDF6B90}.Release_SteamES|Win32.Build.0 = Release_SteamES|Win32
		{7FF3DE91-55E7-4524-8CFA-2D94FBDF6B90}.Release_SteamFR|Win32.ActiveCfg = Release_SteamFR|Win32
		{7FF3DE91-55E7-4524-8CFA-2D94FBDF6B90}.Release_SteamFR|Win32.Build.0 = Release_SteamFR|Win32
		{7FF3DE91-55E7-4524-8CFA-2D94FBDF6B90}.Release_SteamID|Win32.ActiveCfg = Release_SteamID|Win32
		{7FF3DE91-55E7-4524-8CFA-2D94FBDF6B90}.Release_SteamID|Win32.Build.0 = Release_SteamID|Win32
		{7FF3DE91-55E7-4524-8CFA-2D94FBDF6B90}.Release_SteamZH|Win32.ActiveCfg = Release_SteamZH|Win32
		{7FF3DE91-55E7-4524-8CFA-2D94FBDF6B90}.Release_SteamZH|Win32.Build.0 = Release_SteamZH|Win32
		{7FF3DE91-55E7-4524-8CFA-2D94FBDF6B90}.Release_SteamZHTW|Win32.ActiveCfg = Release_SteamZHTW|Win32
		{7FF3DE91-55E7-4524-8CFA-2D94FBDF6B90}.Release_SteamZHTW|Win32.Build.0 = Release_SteamZHTW|Win32
		{7FF3DE91-55E7-4524-8CFA-2D94FBDF6B90}.Release_ZH|Win32.ActiveCfg = Release_ZH|Win32
		{7FF3DE91-55E7-4524-8CFA-2D94FBDF6B90}.Release_ZH|Win32.Build.0 = Release_ZH|Win32
		{7FF3DE91-55E7-4524-8CFA-2D94FBDF6B90}.Release_ZHTW|Win32.ActiveCfg = Release_ZHTW|Win32
		{7FF3DE91-55E7-4524-8CFA-2D94FBDF6B90}.Release_ZHTW|Win32.Build.0 = Release_ZHTW|Win32
		{7FF3DE91-55E7-4524-8CFA-2D94FBDF6B90}.Release|Win32.ActiveCfg = Release|Win32
		{7FF3DE91-55E7-4524-8CFA-2D94FBDF6B90}.Release|Win32.Build.0 = Release|Win32
		{7FF3DE91-55E7-4524-8CFA-2D94FBDF6B90}.Test_DE|Win32.ActiveCfg = Test_DE|Win32
		{7FF3DE91-55E7-4524-8CFA-2D94FBDF6B90}.Test_DE|Win32.Build.0 = Test_DE|Win32
		{7FF3DE91-55E7-4524-8CFA-2D94FBDF6B90}.Test_Emote|Win32.ActiveCfg = Test_Emote|Win32
		{7FF3DE91-55E7-4524-8CFA-2D94FBDF6B90}.Test_Emote|Win32.Build.0 = Test_Emote|Win32
		{7FF3DE91-55E7-4524-8CFA-2D94FBDF6B90}.Test_EN|Win32.ActiveCfg = Test_EN|Win32
		{7FF3DE91-55E7-4524-8CFA-2D94FBDF6B90}.Test_EN|Win32.Build.0 = Test_EN|Win32
		{7FF3DE91-55E7-4524-8CFA-2D94FBDF6B90}.Test_ES|Win32.ActiveCfg = Test_ES|Win32
		{7FF3DE91-55E7-4524-8CFA-2D94FBDF6B90}.Test_ES|Win32.Build.0 = Test_ES|Win32
		{7FF3DE91-55E7-4524-8CFA-2D94FBDF6B90}.Test_FR|Win32.ActiveCfg = Test_FR|Win32
		{7FF3DE91-55E7-4524-8CFA-2D94FBDF6B90}.Test_FR|Win32.Build.0 = Test_FR|Win32
		{7FF3DE91-55E7-4524-8CFA-2D94FBDF6B90}.Test_ID|Win32.ActiveCfg = Test_ID|Win32
		{7FF3DE91-55E7-4524-8CFA-2D94FBDF6B90}.Test_ID|Win32.Build.0 = Test_ID|Win32
		{7FF3DE91-55E7-4524-8CFA-2D94FBDF6B90}.Test_ZH|Win32.ActiveCfg = Test_ZH|Win32
		{7FF3DE91-55E7-4524-8CFA-2D94FBDF6B90}.Test_ZH|Win32.Build.0 = Test_ZH|Win32
		{7FF3DE91-55E7-4524-8CFA-2D94FBDF6B90}.Test_ZHTW|Win32.ActiveCfg = Test_ZHTW|Win32
		{7FF3DE91-55E7-4524-8CFA-2D94FBDF6B90}.Test_ZHTW|Win32.Build.0 = Test_ZHTW|Win32
		{7FF3DE91-55E7-4524-8CFA-2D94FBDF6B90}.Test|Win32.ActiveCfg = Test|Win32
		{7FF3DE91-55E7-4524-8CFA-2D94FBDF6B90}.Test|Win32.Build.0 = Test|Win32
		{9C0FA26E-BF22-4267-B205-C852EF9B2EF5}.Debug_Emote|Win32.ActiveCfg = Debug|Win32
		{9C0FA26E-BF22-4267-B205-C852EF9B2EF5}.Debug_Emote|Win32.Build.0 = Debug|Win32
		{9C0FA26E-BF22-4267-B205-C852EF9B2EF5}.Debug_EN|Win32.ActiveCfg = Debug|Win32
		{9C0FA26E-BF22-4267-B205-C852EF9B2EF5}.Debug_EN|Win32.Build.0 = Debug|Win32
		{9C0FA26E-BF22-4267-B205-C852EF9B2EF5}.Debug_Steam|Win32.ActiveCfg = Debug|Win32
		{9C0FA26E-BF22-4267-B205-C852EF9B2EF5}.Debug_Steam|Win32.Build.0 = Debug|Win32
		{9C0FA26E-BF22-4267-B205-C852EF9B2EF5}.Debug_SteamEN|Win32.ActiveCfg = Debug|Win32
		{9C0FA26E-BF22-4267-B205-C852EF9B2EF5}.Debug_SteamEN|Win32.Build.0 = Debug|Win32
		{9C0FA26E-BF22-4267-B205-C852EF9B2EF5}.Debug_ZH|Win32.ActiveCfg = Debug|Win32
		{9C0FA26E-BF22-4267-B205-C852EF9B2EF5}.Debug_ZH|Win32.Build.0 = Debug|Win32
		{9C0FA26E-BF22-4267-B205-C852EF9B2EF5}.Debug|Win32.ActiveCfg = Debug|Win32
		{9C0FA26E-BF22-4267-B205-C852EF9B2EF5}.Debug|Win32.Build.0 = Debug|Win32
		{9C0FA26E-BF22-4267-B205-C852EF9B2EF5}.Release_Emote|Win32.ActiveCfg = Release|Win32
		{9C0FA26E-BF22-4267-B205-C852EF9B2EF5}.Release_Emote|Win32.Build.0 = Release|Win32
		{9C0FA26E-BF22-4267-B205-C852EF9B2EF5}.Release_EN|Win32.ActiveCfg = Release|Win32
		{9C0FA26E-BF22-4267-B205-C852EF9B2EF5}.Release_EN|Win32.Build.0 = Release|Win32
		{9C0FA26E-BF22-4267-B205-C852EF9B2EF5}.Release_Steam|Win32.ActiveCfg = Release|Win32
		{9C0FA26E-BF22-4267-B205-C852EF9B2EF5}.Release_Steam|Win32.Build.0 = Release|Win32
		{9C0FA26E-BF22-4267-B205-C852EF9B2EF5}.Release_SteamDE|Win32.ActiveCfg = Release|Win32
		{9C0FA26E-BF22-4267-B205-C852EF9B2EF5}.Release_SteamDE|Win32.Build.0 = Release|Win32
		{9C0FA26E-BF22-4267-B205-C852EF9B2EF5}.Release_SteamEN|Win32.ActiveCfg = Release|Win32
		{9C0FA26E-BF22-4267-B205-C852EF9B2EF5}.Release_SteamEN|Win32.Build.0 = Release|Win32
		{9C0FA26E-BF22-4267-B205-C852EF9B2EF5}.Release_SteamES|Win32.ActiveCfg = Release|Win32
		{9C0FA26E-BF22-4267-B205-C852EF9B2EF5}.Release_SteamES|Win32.Build.0 = Release|Win32
		{9C0FA26E-BF22-4267-B205-C852EF9B2EF5}.Release_SteamFR|Win32.ActiveCfg = Release|Win32
		{9C0FA26E-BF22-4267-B205-C852EF9B2EF5}.Release_SteamFR|Win32.Build.0 = Release|Win32
		{9C0FA26E-BF22-4267-B205-C852EF9B2EF5}.Release_SteamID|Win32.ActiveCfg = Release|Win32
		{9C0FA26E-BF22-4267-B205-C852EF9B2EF5}.Release_SteamID|Win32.Build.0 = Release|Win32
		{9C0FA26E-BF22-4267-B205-C852EF9B2EF5}.Release_SteamZH|Win32.ActiveCfg = Release|Win32
		{9C0FA26E-BF22-4267-B205-C852EF9B2EF5}.Release_SteamZH|Win32.Build.0 = Release|Win32
		{9C0FA26E-BF22-4267-B205-C852EF9B2EF5}.Release_SteamZHTW|Win32.ActiveCfg = Release|Win32
		{9C0FA26E-BF22-4267-B205-C852EF9B2EF5}.Release_SteamZHTW|Win32.Build.0 = Release|Win32
		{9C0FA26E-BF22-4267-B205-C852EF9B2EF5}.Release_ZH|Win32.ActiveCfg = Release|Win32
		{9C0FA26E-BF22-4267-B205-C852EF9B2EF5}.Release_ZH|Win32.Build.0 = Release|Win32
		{9C0FA26E-BF22-4267-B205-C852EF9B2EF5}.Release_ZHTW|Win32.ActiveCfg = Release|Win32
		{9C0FA26E-BF22-4267-B205-C852EF9B2EF5}.Release_ZHTW|Win32.Build.0 = Release|Win32
		{9C0FA26E-BF22-4267-B205-C852EF9B2EF5}.Release|Win32.ActiveCfg = Release|Win32
		{9C0FA26E-BF22-4267-B205-C852EF9B2EF5}.Release|Win32.Build.0 = Release|Win32
		{9C0FA26E-BF22-4267-B205-C852EF9B2EF5}.Test_DE|Win32.ActiveCfg = Release|Win32
		{9C0FA26E-BF22-4267-B205-C852EF9B2EF5}.Test_DE|Win32.Build.0 = Release|Win32
		{9C0FA26E-BF22-4267-B205-C852EF9B2EF5}.Test_Emote|Win32.ActiveCfg = Release|Win32
		{9C0FA26E-BF22-4267-B205-C852EF9B2EF5}.Test_Emote|Win32.Build.0 = Release|Win32
		{9C0FA26E-BF22-4267-B205-C852EF9B2EF5}.Test_EN|Win32.ActiveCfg = Release|Win32
		{9C0FA26E-BF22-4267-B205-C852EF9B2EF5}.Test_EN|Win32.Build.0 = Release|Win32
		{9C0FA26E-BF22-4267-B205-C852EF9B2EF5}.Test_ES|Win32.ActiveCfg = Release|Win32
		{9C0FA26E-BF22-4267-B205-C852EF9B2EF5}.Test_ES|Win32.Build.0 = Release|Win32
		{9C0FA26E-BF22-4267-B205-C852EF9B2EF5}.Test_FR|Win32.ActiveCfg = Release|Win32
		{9C0FA26E-BF22-4267-B205-C852EF9B2EF5}.Test_FR|Win32.Build.0 = Release|Win32
		{9C0FA26E-BF22-4267-B205-C852EF9B2EF5}.Test_ID|Win32.ActiveCfg = Release|Win32
		{9C0FA26E-BF22-4267-B205-C852EF9B2EF5}.Test_ID|Win32.Build.0 = Release|Win32
		{9C0FA26E-BF22-4267-B205-C852EF9B2EF5}.Test_ZH|Win32.ActiveCfg = Release|Win32
		{9C0FA26E-BF22-4267-B205-C852EF9B2EF5}.Test_ZH|Win32.Build.0 = Release|Win32
		{9C0FA26E-BF22-4267-B205-C852EF9B2EF5}.Test_ZHTW|Win32.ActiveCfg = Release|Win32
		{9C0FA26E-BF22-4267-B205-C852EF9B2EF5}.Test_ZHTW|Win32.Build.0 = Release|Win32
		{9C0FA26E-BF22-4267-B205-C852EF9B2EF5}.Test|Win32.ActiveCfg = Release|Win32
		{9C0FA26E-BF22-4267-B205-C852EF9B2EF5}.Test|Win32.Build.0 = Release|Win32
		{6C4B2EA3-8510-4573-B98D-789335693927}.Debug_Emote|Win32.ActiveCfg = Debug|Win32
		{6C4B2EA3-8510-4573-B98D-789335693927}.Debug_Emote|Win32.Build.0 = Debug|Win32
		{6C4B2EA3-8510-4573-B98D-789335693927}.Debug_EN|Win32.ActiveCfg = Debug|Win32
		{6C4B2EA3-8510-4573-B98D-789335693927}.Debug_EN|Win32.Build.0 = Debug|Win32
		{6C4B2EA3-8510-4573-B98D-789335693927}.Debug_Steam|Win32.ActiveCfg = Debug|Win32
		{6C4B2EA3-8510-4573-B98D-789335693927}.Debug_Steam|Win32.Build.0 = Debug|Win32
		{6C4B2EA3-8510-4573-B98D-789335693927}.Debug_SteamEN|Win32.ActiveCfg = Debug|Win32
		{6C4B2EA3-8510-4573-B98D-789335693927}.Debug_SteamEN|Win32.Build.0 = Debug|Win32
		{6C4B2EA3-8510-4573-B98D-789335693927}.Debug_ZH|Win32.ActiveCfg = Debug|Win32
		{6C4B2EA3-8510-4573-B98D-789335693927}.Debug_ZH|Win32.Build.0 = Debug|Win32
		{6C4B2EA3-8510-4573-B98D-789335693927}.Debug|Win32.ActiveCfg = Debug|Win32
		{6C4B2EA3-8510-4573-B98D-789335693927}.Debug|Win32.Build.0 = Debug|Win32
		{6C4B2EA3-8510-4573-B98D-789335693927}.Release_Emote|Win32.ActiveCfg = Release|Win32
		{6C4B2EA3-8510-4573-B98D-789335693927}.Release_Emote|Win32.Build.0 = Release|Win32
		{6C4B2EA3-8510-4573-B98D-789335693927}.Release_EN|Win32.ActiveCfg = Release|Win32
		{6C4B2EA3-8510-4573-B98D-789335693927}.Release_EN|Win32.Build.0 = Release|Win32
		{6C4B2EA3-8510-4573-B98D-789335693927}.Release_Steam|Win32.ActiveCfg = Release|Win32
		{6C4B2EA3-8510-4573-B98D-789335693927}.Release_Steam|Win32.Build.0 = Release|Win32
		{6C4B2EA3-8510-4573-B98D-789335693927}.Release_SteamDE|Win32.ActiveCfg = Release|Win32
		{6C4B2EA3-8510-4573-B98D-789335693927}.Release_SteamDE|Win32.Build.0 = Release|Win32
		{6C4B2EA3-8510-4573-B98D-789335693927}.Release_SteamEN|Win32.ActiveCfg = Release|Win32
		{6C4B2EA3-8510-4573-B98D-789335693927}.Release_SteamEN|Win32.Build.0 = Release|Win32
		{6C4B2EA3-8510-4573-B98D-789335693927}.Release_SteamES|Win32.ActiveCfg = Release|Win32
		{6C4B2EA3-8510-4573-B98D-789335693927}.Release_SteamES|Win32.Build.0 = Release|Win32
		{6C4B2EA3-8510-4573-B98D-789335693927}.Release_SteamFR|Win32.ActiveCfg = Release|Win32
		{6C4B2EA3-8510-4573-B98D-789335693927}.Release_SteamFR|Win32.Build.0 = Release|Win32
		{6C4B2EA3-8510-4573-B98D-789335693927}.Release_SteamID|Win32.ActiveCfg = Release|Win32
		{6C4B2EA3-8510-4573-B98D-789335693927}.Release_SteamID|Win32.Build.0 = Release|Win32
		{6C4B2EA3-8510-4573-B98D-789335693927}.Release_SteamZH|Win32.ActiveCfg = Release|Win32
		{6C4B2EA3-8510-4573-B98D-789335693927}.Release_SteamZH|Win32.Build.0 = Release|Win32
		{6C4B2EA3-8510-4573-B98D-789335693927}.Release_SteamZHTW|Win32.ActiveCfg = Release|Win32
		{6C4B2EA3-8510-4573-B98D-789335693927}.Release_SteamZHTW|Win32.Build.0 = Release|Win32
		{6C4B2EA3-8510-4573-B98D-789335693927}.Release_ZH|Win32.ActiveCfg = Release|Win32
		{6C4B2EA3-8510-4573-B98D-789335693927}.Release_ZH|Win32.Build.0 = Release|Win32
		{6C4B2EA3-8510-4573-B98D-789335693927}.Release_ZHTW|Win32.ActiveCfg = Release|Win32
		{6C4B2EA3-8510-4573-B98D-789335693927}.Release_ZHTW|Win32.Build.0 = Release|Win32
		{6C4B2EA3-8510-4573-B98D-789335693927}.Release|Win32.ActiveCfg = Release|Win32
		{6C4B2EA3-8510-4573-B98D-789335693927}.Release|Win32.Build.0 = Release|Win32
		{6C4B2EA3-8510-4573-B98D-789335693927}.Test_DE|Win32.ActiveCfg = Release|Win32
		{6C4B2EA3-8510-4573-B98D-789335693927}.Test_DE|Win32.Build.0 = Release|Win32
		{6C4B2EA3-8510-4573-B98D-789335693927}.Test_Emote|Win32.ActiveCfg = Release|Win32
		{6C4B2EA3-8510-4573-B98D-789335693927}.Test_Emote|Win32.Build.0 = Release|Win32
		{6C4B2EA3-8510-4573-B98D-789335693927}.Test_EN|Win32.ActiveCfg = Release|Win32
		{6C4B2EA3-8510-4573-B98D-789335693927}.Test_EN|Win32.Build.0 = Release|Win32
		{6C4B2EA3-8510-4573-B98D-789335693927}.Test_ES|Win32.ActiveCfg = Release|Win32
		{6C4B2EA3-8510-4573-B98D-789335693927}.Test_ES|Win32.Build.0 = Release|Win32
		{6C4B2EA3-8510-4573-B98D-789335693927}.Test_FR|Win32.ActiveCfg = Release|Win32
		{6C4B2EA3-8510-4573-B98D-789335693927}.Test_FR|Win32.Build.0 = Release|Win32
		{6C4B2EA3-8510-4573-B98D-789335693927}.Test_ID|Win32.ActiveCfg = Release|Win32
		{6C4B2EA3-8510-4573-B98D-789335693927}.Test_ID|Win32.Build.0 = Release|Win32
		{6C4B2EA3-8510-4573-B98D-789335693927}.Test_ZH|Win32.ActiveCfg = Release|Win32
		{6C4B2EA3-8510-4573-B98D-789335693927}.Test_ZH|Win32.Build.0 = Release|Win32
		{6C4B2EA3-8510-4573-B98D-789335693927}.Test_ZHTW|Win32.ActiveCfg = Release|Win32
		{6C4B2EA3-8510-4573-B98D-789335693927}.Test_ZHTW|Win32.Build.0 = Release|Win32
		{6C4B2EA3-8510-4573-B98D-789335693927}.Test|Win32.ActiveCfg = Release|Win32
		{6C4B2EA3-8510-4573-B98D-789335693927}.Test|Win32.Build.0 = Release|Win32
		{D7B64722-4D93-4AB7-A563-D24E17A951CD}.Debug_Emote|Win32.ActiveCfg = Debug|Win32
		{D7B64722-4D93-4AB7-A563-D24E17A951CD}.Debug_Emote|Win32.Build.0 = Debug|Win32
		{D7B64722-4D93-4AB7-A563-D24E17A951CD}.Debug_EN|Win32.ActiveCfg = Debug|Win32
		{D7B64722-4D93-4AB7-A563-D24E17A951CD}.Debug_EN|Win32.Build.0 = Debug|Win32
		{D7B64722-4D93-4AB7-A563-D24E17A951CD}.Debug_Steam|Win32.ActiveCfg = Debug|Win32
		{D7B64722-4D93-4AB7-A563-D24E17A951CD}.Debug_Steam|Win32.Build.0 = Debug|Win32
		{D7B64722-4D93-4AB7-A563-D24E17A951CD}.Debug_SteamEN|Win32.ActiveCfg = Debug|Win32
		{D7B64722-4D93-4AB7-A563-D24E17A951CD}.Debug_SteamEN|Win32.Build.0 = Debug|Win32
		{D7B64722-4D93-4AB7-A563-D24E17A951CD}.Debug_ZH|Win32.ActiveCfg = Debug|Win32
		{D7B64722-4D93-4AB7-A563-D24E17A951CD}.Debug_ZH|Win32.Build.0 = Debug|Win32
		{D7B64722-4D93-4AB7-A563-D24E17A951CD}.Debug|Win32.ActiveCfg = Debug|Win32
		{D7B64722-4D93-4AB7-A563-D24E17A951CD}.Debug|Win32.Build.0 = Debug|Win32
		{D7B64722-4D93-4AB7-A563-D24E17A951CD}.Release_Emote|Win32.ActiveCfg = Release|Win32
		{D7B64722-4D93-4AB7-A563-D24E17A951CD}.Release_Emote|Win32.Build.0 = Release|Win32
		{D7B64722-4D93-4AB7-A563-D24E17A951CD}.Release_EN|Win32.ActiveCfg = Release|Win32
		{D7B64722-4D93-4AB7-A563-D24E17A951CD}.Release_EN|Win32.Build.0 = Release|Win32
		{D7B64722-4D93-4AB7-A563-D24E17A951CD}.Release_Steam|Win32.ActiveCfg = Release|Win32
		{D7B64722-4D93-4AB7-A563-D24E17A951CD}.Release_Steam|Win32.Build.0 = Release|Win32
		{D7B64722-4D93-4AB7-A563-D24E17A951CD}.Release_SteamDE|Win32.ActiveCfg = Release|Win32
		{D7B64722-4D93-4AB7-A563-D24E17A951CD}.Release_SteamDE|Win32.Build.0 = Release|Win32
		{D7B64722-4D93-4AB7-A563-D24E17A951CD}.Release_SteamEN|Win32.ActiveCfg = Release|Win32
		{D7B64722-4D93-4AB7-A563-D24E17A951CD}.Release_SteamEN|Win32.Build.0 = Release|Win32
		{D7B64722-4D93-4AB7-A563-D24E17A951CD}.Release_SteamES|Win32.ActiveCfg = Release|Win32
		{D7B64722-4D93-4AB7-A563-D24E17A951CD}.Release_SteamES|Win32.Build.0 = Release|Win32
		{D7B64722-4D93-4AB7-A563-D24E17A951CD}.Release_SteamFR|Win32.ActiveCfg = Release|Win32
		{D7B64722-4D93-4AB7-A563-D24E17A951CD}.Release_SteamFR|Win32.Build.0 = Release|Win32
		{D7B64722-4D93-4AB7-A563-D24E17A951CD}.Release_SteamID|Win32.ActiveCfg = Release|Win32
		{D7B64722-4D93-4AB7-A563-D24E17A951CD}.Release_SteamID|Win32.Build.0 = Release|Win32
		{D7B64722-4D93-4AB7-A563-D24E17A951CD}.Release_SteamZH|Win32.ActiveCfg = Release|Win32
		{D7B64722-4D93-4AB7-A563-D24E17A951CD}.Release_SteamZH|Win32.Build.0 = Release|Win32
		{D7B64722-4D93-4AB7-A563-D24E17A951CD}.Release_SteamZHTW|Win32.ActiveCfg = Release|Win32
		{D7B64722-4D93-4AB7-A563-D24E17A951CD}.Release_SteamZHTW|Win32.Build.0 = Release|Win32
		{D7B64722-4D93-4AB7-A563-D24E17A951CD}.Release_ZH|Win32.ActiveCfg = Release|Win32
		{D7B64722-4D93-4AB7-A563-D24E17A951CD}.Release_ZH|Win32.Build.0 = Release|Win32
		{D7B64722-4D93-4AB7-A563-D24E17A951CD}.Release_ZHTW|Win32.ActiveCfg = Release|Win32
		{D7B64722-4D93-4AB7-A563-D24E17A951CD}.Release_ZHTW|Win32.Build.0 = Release|Win32
		{D7B64722-4D93-4AB7-A563-D24E17A951CD}.Release|Win32.ActiveCfg = Release|Win32
		{D7B64722-4D93-4AB7-A563-D24E17A951CD}.Release|Win32.Build.0 = Release|Win32
		{D7B64722-4D93-4AB7-A563-D24E17A951CD}.Test_DE|Win32.ActiveCfg = Release|Win32
		{D7B64722-4D93-4AB7-A563-D24E17A951CD}.Test_DE|Win32.Build.0 = Release|Win32
		{D7B64722-4D93-4AB7-A563-D24E17A951CD}.Test_Emote|Win32.ActiveCfg = Release|Win32
		{D7B64722-4D93-4AB7-A563-D24E17A951CD}.Test_Emote|Win32.Build.0 = Release|Win32
		{D7B64722-4D93-4AB7-A563-D24E17A951CD}.Test_EN|Win32.ActiveCfg = Release|Win32
		{D7B64722-4D93-4AB7-A563-D24E17A951CD}.Test_EN|Win32.Build.0 = Release|Win32
		{D7B64722-4D93-4AB7-A563-D24E17A951CD}.Test_ES|Win32.ActiveCfg = Release|Win32
		{D7B64722-4D93-4AB7-A563-D24E17A951CD}.Test_ES|Win32.Build.0 = Release|Win32
		{D7B64722-4D93-4AB7-A563-D24E17A951CD}.Test_FR|Win32.ActiveCfg = Release|Win32
		{D7B64722-4D93-4AB7-A563-D24E17A951CD}.Test_FR|Win32.Build.0 = Release|Win32
		{D7B64722-4D93-4AB7-A563-D24E17A951CD}.Test_ID|Win32.ActiveCfg = Release|Win32
		{D7B64722-4D93-4AB7-A563-D24E17A951CD}.Test_ID|Win32.Build.0 = Release|Win32
		{D7B64722-4D93-4AB7-A563-D24E17A951CD}.Test_ZH|Win32.ActiveCfg = Release|Win32
		{D7B64722-4D93-4AB7-A563-D24E17A951CD}.Test_ZH|Win32.Build.0 = Release|Win32
		{D7B64722-4D93-4AB7-A563-D24E17A951CD}.Test_ZHTW|Win32.ActiveCfg = Release|Win32
		{D7B64722-4D93-4AB7-A563-D24E17A951CD}.Test_ZHTW|Win32.Build.0 = Release|Win32
		{D7B64722-4D93-4AB7-A563-D24E17A951CD}.Test|Win32.ActiveCfg = Release|Win32
		{D7B64722-4D93-4AB7-A563-D24E17A951CD}.Test|Win32.Build.0 = Release|Win32
		{163E8A56-A3A8-45B0-9D6C-C962F8D71382}.Debug_Emote|Win32.ActiveCfg = Debug|Win32
		{163E8A56-A3A8-45B0-9D6C-C962F8D71382}.Debug_Emote|Win32.Build.0 = Debug|Win32
		{163E8A56-A3A8-45B0-9D6C-C962F8D71382}.Debug_EN|Win32.ActiveCfg = Debug|Win32
		{163E8A56-A3A8-45B0-9D6C-C962F8D71382}.Debug_EN|Win32.Build.0 = Debug|Win32
		{163E8A56-A3A8-45B0-9D6C-C962F8D71382}.Debug_Steam|Win32.ActiveCfg = Debug|Win32
		{163E8A56-A3A8-45B0-9D6C-C962F8D71382}.Debug_Steam|Win32.Build.0 = Debug|Win32
		{163E8A56-A3A8-45B0-9D6C-C962F8D71382}.Debug_SteamEN|Win32.ActiveCfg = Debug|Win32
		{163E8A56-A3A8-45B0-9D6C-C962F8D71382}.Debug_SteamEN|Win32.Build.0 = Debug|Win32
		{163E8A56-A3A8-45B0-9D6C-C962F8D71382}.Debug_ZH|Win32.ActiveCfg = Debug|Win32
		{163E8A56-A3A8-45B0-9D6C-C962F8D71382}.Debug_ZH|Win32.Build.0 = Debug|Win32
		{163E8A56-A3A8-45B0-9D6C-C962F8D71382}.Debug|Win32.ActiveCfg = Debug|Win32
		{163E8A56-A3A8-45B0-9D6C-C962F8D71382}.Debug|Win32.Build.0 = Debug|Win32
		{163E8A56-A3A8-45B0-9D6C-C962F8D71382}.Release_Emote|Win32.ActiveCfg = Release|Win32
		{163E8A56-A3A8-45B0-9D6C-C962F8D71382}.Release_Emote|Win32.Build.0 = Release|Win32
		{163E8A56-A3A8-45B0-9D6C-C962F8D71382}.Release_EN|Win32.ActiveCfg = Release|Win32
		{163E8A56-A3A8-45B0-9D6C-C962F8D71382}.Release_EN|Win32.Build.0 = Release|Win32
		{163E8A56-A3A8-45B0-9D6C-C962F8D71382}.Release_Steam|Win32.ActiveCfg = Release|Win32
		{163E8A56-A3A8-45B0-9D6C-C962F8D71382}.Release_Steam|Win32.Build.0 = Release|Win32
		{163E8A56-A3A8-45B0-9D6C-C962F8D71382}.Release_SteamDE|Win32.ActiveCfg = Release|Win32
		{163E8A56-A3A8-45B0-9D6C-C962F8D71382}.Release_SteamDE|Win32.Build.0 = Release|Win32
		{163E8A56-A3A8-45B0-9D6C-C962F8D71382}.Release_SteamEN|Win32.ActiveCfg = Release|Win32
		{163E8A56-A3A8-45B0-9D6C-C962F8D71382}.Release_SteamEN|Win32.Build.0 = Release|Win32
		{163E8A56-A3A8-45B0-9D6C-C962F8D71382}.Release_SteamES|Win32.ActiveCfg = Release|Win32
		{163E8A56-A3A8-45B0-9D6C-C962F8D71382}.Release_SteamES|Win32.Build.0 = Release|Win32
		{163E8A56-A3A8-45B0-9D6C-C962F8D71382}.Release_SteamFR|Win32.ActiveCfg = Release|Win32
		{163E8A56-A3A8-45B0-9D6C-C962F8D71382}.Release_SteamFR|Win32.Build.0 = Release|Win32
		{163E8A56-A3A8-45B0-9D6C-C962F8D71382}.Release_SteamID|Win32.ActiveCfg = Release|Win32
		{163E8A56-A3A8-45B0-9D6C-C962F8D71382}.Release_SteamID|Win32.Build.0 = Release|Win32
		{163E8A56-A3A8-45B0-9D6C-C962F8D71382}.Release_SteamZH|Win32.ActiveCfg = Release|Win32
		{163E8A56-A3A8-45B0-9D6C-C962F8D71382}.Release_SteamZH|Win32.Build.0 = Release|Win32
		{163E8A56-A3A8-45B0-9D6C-C962F8D71382}.Release_SteamZHTW|Win32.ActiveCfg = Release|Win32
		{163E8A56-A3A8-45B0-9D6C-C962F8D71382}.Release_SteamZHTW|Win32.Build.0 = Release|Win32
		{163E8A56-A3A8-45B0-9D6C-C962F8D71382}.Release_ZH|Win32.ActiveCfg = Release|Win32
		{163E8A56-A3A8-45B0-9D6C-C962F8D71382}.Release_ZH|Win32.Build.0 = Release|Win32
		{163E8A56-A3A8-45B0-9D6C-C962F8D71382}.Release_ZHTW|Win32.ActiveCfg = Release|Win32
		{163E8A56-A3A8-45B0-9D6C-C962F8D71382}.Release_ZHTW|Win32.Build.0 = Release|Win32
		{163E8A56-A3A8-45B0-9D6C-C962F8D71382}.Release|Win32.ActiveCfg = Release|Win32
		{163E8A56-A3A8-45B0-9D6C-C962F8D71382}.Release|Win32.Build.0 = Release|Win32
		{163E8A56-A3A8-45B0-9D6C-C962F8D71382}.Test_DE|Win32.ActiveCfg = Release|Win32
		{163E8A56-A3A8-45B0-9D6C-C962F8D71382}.Test_DE|Win32.Build.0 = Release|Win32
		{163E8A56-A3A8-45B0-9D6C-C962F8D71382}.Test_Emote|Win32.ActiveCfg = Release|Win32
		{163E8A56-A3A8-45B0-9D6C-C962F8D71382}.Test_Emote|Win32.Build.0 = Release|Win32
		{163E8A56-A3A8-45B0-9D6C-C962F8D71382}.Test_EN|Win32.ActiveCfg = Release|Win32
		{163E8A56-A3A8-45B0-9D6C-C962F8D71382}.Test_EN|Win32.Build.0 = Release|Win32
		{163E8A56-A3A8-45B0-9D6C-C962F8D71382}.Test_ES|Win32.ActiveCfg = Release|Win32
		{163E8A56-A3A8-45B0-9D6C-C962F8D71382}.Test_ES|Win32.Build.0 = Release|Win32
		{163E8A56-A3A8-45B0-9D6C-C962F8D71382}.Test_FR|Win32.ActiveCfg = Release|Win32
		{163E8A56-A3A8-45B0-9D6C-C962F8D71382}.Test_FR|Win32.Build.0 = Release|Win32
		{163E8A56-A3A8-45B0-9D6C-C962F8D71382}.Test_ID|Win32.ActiveCfg = Release|Win32
		{163E8A56-A3A8-45B0-9D6C-C962F8D71382}.Test_ID|Win32.Build.0 = Release|Win32
		{163E8A56-A3A8-45B0-9D6C-C962F8D71382}.Test_ZH|Win32.ActiveCfg = Release|Win32
		{163E8A56-A3A8-45B0-9D6C-C962F8D71382}.Test_ZH|Win32.Build.0 = Release|Win32
		{163E8A56-A3A8-45B0-9D6C-C962F8D71382}.Test_ZHTW|Win32.ActiveCfg = Release|Win32
		{163E8A56-A3A8-45B0-9D6C-C962F8D71382}.Test_ZHTW|Win32.Build.0 = Release|Win32
		{163E8A56-A3A8-45B0-9D6C-C962F8D71382}.Test|Win32.ActiveCfg = Release|Win32
		{163E8A56-A3A8-45B0-9D6C-C962F8D71382}.Test|Win32.Build.0 = Release|Win32
		{99F6C211-DDFC-404B-832C-2DA43DF84163}.Debug_Emote|Win32.ActiveCfg = Debug|Win32
		{99F6C211-DDFC-404B-832C-2DA43DF84163}.Debug_Emote|Win32.Build.0 = Debug|Win32
		{99F6C211-DDFC-404B-832C-2DA43DF84163}.Debug_EN|Win32.ActiveCfg = Debug|Win32
		{99F6C211-DDFC-404B-832C-2DA43DF84163}.Debug_EN|Win32.Build.0 = Debug|Win32
		{99F6C211-DDFC-404B-832C-2DA43DF84163}.Debug_Steam|Win32.ActiveCfg = Debug|Win32
		{99F6C211-DDFC-404B-832C-2DA43DF84163}.Debug_Steam|Win32.Build.0 = Debug|Win32
		{99F6C211-DDFC-404B-832C-2DA43DF84163}.Debug_SteamEN|Win32.ActiveCfg = Debug|Win32
		{99F6C211-DDFC-404B-832C-2DA43DF84163}.Debug_SteamEN|Win32.Build.0 = Debug|Win32
		{99F6C211-DDFC-404B-832C-2DA43DF84163}.Debug_ZH|Win32.ActiveCfg = Debug|Win32
		{99F6C211-DDFC-404B-832C-2DA43DF84163}.Debug_ZH|Win32.Build.0 = Debug|Win32
		{99F6C211-DDFC-404B-832C-2DA43DF84163}.Debug|Win32.ActiveCfg = Debug|Win32
		{99F6C211-DDFC-404B-832C-2DA43DF84163}.Debug|Win32.Build.0 = Debug|Win32
		{99F6C211-DDFC-404B-832C-2DA43DF84163}.Release_Emote|Win32.ActiveCfg = Release|Win32
		{99F6C211-DDFC-404B-832C-2DA43DF84163}.Release_Emote|Win32.Build.0 = Release|Win32
		{99F6C211-DDFC-404B-832C-2DA43DF84163}.Release_EN|Win32.ActiveCfg = Release|Win32
		{99F6C211-DDFC-404B-832C-2DA43DF84163}.Release_EN|Win32.Build.0 = Release|Win32
		{99F6C211-DDFC-404B-832C-2DA43DF84163}.Release_Steam|Win32.ActiveCfg = Release|Win32
		{99F6C211-DDFC-404B-832C-2DA43DF84163}.Release_Steam|Win32.Build.0 = Release|Win32
		{99F6C211-DDFC-404B-832C-2DA43DF84163}.Release_SteamDE|Win32.ActiveCfg = Release|Win32
		{99F6C211-DDFC-404B-832C-2DA43DF84163}.Release_SteamDE|Win32.Build.0 = Release|Win32
		{99F6C211-DDFC-404B-832C-2DA43DF84163}.Release_SteamEN|Win32.ActiveCfg = Release|Win32
		{99F6C211-DDFC-404B-832C-2DA43DF84163}.Release_SteamEN|Win32.Build.0 = Release|Win32
		{99F6C211-DDFC-404B-832C-2DA43DF84163}.Release_SteamES|Win32.ActiveCfg = Release|Win32
		{99F6C211-DDFC-404B-832C-2DA43DF84163}.Release_SteamES|Win32.Build.0 = Release|Win32
		{99F6C211-DDFC-404B-832C-2DA43DF84163}.Release_SteamFR|Win32.ActiveCfg = Release|Win32
		{99F6C211-DDFC-404B-832C-2DA43DF84163}.Release_SteamFR|Win32.Build.0 = Release|Win32
		{99F6C211-DDFC-404B-832C-2DA43DF84163}.Release_SteamID|Win32.ActiveCfg = Release|Win32
		{99F6C211-DDFC-404B-832C-2DA43DF84163}.Release_SteamID|Win32.Build.0 = Release|Win32
		{99F6C211-DDFC-404B-832C-2DA43DF84163}.Release_SteamZH|Win32.ActiveCfg = Release|Win32
		{99F6C211-DDFC-404B-832C-2DA43DF84163}.Release_SteamZH|Win32.Build.0 = Release|Win32
		{99F6C211-DDFC-404B-832C-2DA43DF84163}.Release_SteamZHTW|Win32.ActiveCfg = Release|Win32
		{99F6C211-DDFC-404B-832C-2DA43DF84163}.Release_SteamZHTW|Win32.Build.0 = Release|Win32
		{99F6C211-DDFC-404B-832C-2DA43DF84163}.Release_ZH|Win32.ActiveCfg = Release|Win32
		{99F6C211-DDFC-404B-832C-2DA43DF84163}.Release_ZH|Win32.Build.0 = Release|Win32
		{99F6C211-DDFC-404B-832C-2DA43DF84163}.Release_ZHTW|Win32.ActiveCfg = Release|Win32
		{99F6C211-DDFC-404B-832C-2DA43DF84163}.Release_ZHTW|Win32.Build.0 = Release|Win32
		{99F6C211-DDFC-404B-832C-2DA43DF84163}.Release|Win32.ActiveCfg = Release|Win32
		{99F6C211-DDFC-404B-832C-2DA43DF84163}.Release|Win32.Build.0 = Release|Win32
		{99F6C211-DDFC-404B-832C-2DA43DF84163}.Test_DE|Win32.ActiveCfg = Release|Win32
		{99F6C211-DDFC-404B-832C-2DA43DF84163}.Test_DE|Win32.Build.0 = Release|Win32
		{99F6C211-DDFC-404B-832C-2DA43DF84163}.Test_Emote|Win32.ActiveCfg = Release|Win32
		{99F6C211-DDFC-404B-832C-2DA43DF84163}.Test_Emote|Win32.Build.0 = Release|Win32
		{99F6C211-DDFC-404B-832C-2DA43DF84163}.Test_EN|Win32.ActiveCfg = Release|Win32
		{99F6C211-DDFC-404B-832C-2DA43DF84163}.Test_EN|Win32.Build.0 = Release|Win32
		{99F6C211-DDFC-404B-832C-2DA43DF84163}.Test_ES|Win32.ActiveCfg = Release|Win32
		{99F6C211-DDFC-404B-832C-2DA43DF84163}.Test_ES|Win32.Build.0 = Release|Win32
		{99F6C211-DDFC-404B-832C-2DA43DF84163}.Test_FR|Win32.ActiveCfg = Release|Win32
		{99F6C211-DDFC-404B-832C-2DA43DF84163}.Test_FR|Win32.Build.0 = Release|Win32
		{99F6C211-DDFC-404B-832C-2DA43DF84163}.Test_ID|Win32.ActiveCfg = Release|Win32
		{99F6C211-DDFC-404B-832C-2DA43DF84163}.Test_ID|Win32.Build.0 = Release|Win32
		{99F6C211-DDFC-404B-832C-2DA43DF84163}.Test_ZH|Win32.ActiveCfg = Release|Win32
		{99F6C211-DDFC-404B-832C-2DA43DF84163}.Test_ZH|Win32.Build.0 = Release|Win32
		{99F6C211-DDFC-404B-832C-2DA43DF84163}.Test_ZHTW|Win32.ActiveCfg = Release|Win32
		{99F6C211-DDFC-404B-832C-2DA43DF84163}.Test_ZHTW|Win32.Build.0 = Release|Win32
		{99F6C211-DDFC-404B-832C-2DA43DF84163}.Test|Win32.ActiveCfg = Release|Win32
		{99F6C211-DDFC-404B-832C-2DA43DF84163}.Test|Win32.Build.0 = Release|Win32
		{9E0F86C7-8DBA-498F-9038-7BB54F87A6B4}.Debug_Emote|Win32.ActiveCfg = Debug|Win32
		{9E0F86C7-8DBA-498F-9038-7BB54F87A6B4}.Debug_Emote|Win32.Build.0 = Debug|Win32
		{9E0F86C7-8DBA-498F-9038-7BB54F87A6B4}.Debug_EN|Win32.ActiveCfg = Debug|Win32
		{9E0F86C7-8DBA-498F-9038-7BB54F87A6B4}.Debug_EN|Win32.Build.0 = Debug|Win32
		{9E0F86C7-8DBA-498F-9038-7BB54F87A6B4}.Debug_Steam|Win32.ActiveCfg = Debug|Win32
		{9E0F86C7-8DBA-498F-9038-7BB54F87A6B4}.Debug_Steam|Win32.Build.0 = Debug|Win32
		{9E0F86C7-8DBA-498F-9038-7BB54F87A6B4}.Debug_SteamEN|Win32.ActiveCfg = Debug|Win32
		{9E0F86C7-8DBA-498F-9038-7BB54F87A6B4}.Debug_SteamEN|Win32.Build.0 = Debug|Win32
		{9E0F86C7-8DBA-498F-9038-7BB54F87A6B4}.Debug_ZH|Win32.ActiveCfg = Debug|Win32
		{9E0F86C7-8DBA-498F-9038-7BB54F87A6B4}.Debug_ZH|Win32.Build.0 = Debug|Win32
		{9E0F86C7-8DBA-498F-9038-7BB54F87A6B4}.Debug|Win32.ActiveCfg = Debug|Win32
		{9E0F86C7-8DBA-498F-9038-7BB54F87A6B4}.Debug|Win32.Build.0 = Debug|Win32
		{9E0F86C7-8DBA-498F-9038-7BB54F87A6B4}.Release_Emote|Win32.ActiveCfg = Release|Win32
		{9E0F86C7-8DBA-498F-9038-7BB54F87A6B4}.Release_Emote|Win32.Build.0 = Release|Win32
		{9E0F86C7-8DBA-498F-9038-7BB54F87A6B4}.Release_EN|Win32.ActiveCfg = Release|Win32
		{9E0F86C7-8DBA-498F-9038-7BB54F87A6B4}.Release_EN|Win32.Build.0 = Release|Win32
		{9E0F86C7-8DBA-498F-9038-7BB54F87A6B4}.Release_Steam|Win32.ActiveCfg = Release|Win32
		{9E0F86C7-8DBA-498F-9038-7BB54F87A6B4}.Release_Steam|Win32.Build.0 = Release|Win32
		{9E0F86C7-8DBA-498F-9038-7BB54F87A6B4}.Release_SteamDE|Win32.ActiveCfg = Release|Win32
		{9E0F86C7-8DBA-498F-9038-7BB54F87A6B4}.Release_SteamDE|Win32.Build.0 = Release|Win32
		{9E0F86C7-8DBA-498F-9038-7BB54F87A6B4}.Release_SteamEN|Win32.ActiveCfg = Release|Win32
		{9E0F86C7-8DBA-498F-9038-7BB54F87A6B4}.Release_SteamEN|Win32.Build.0 = Release|Win32
		{9E0F86C7-8DBA-498F-9038-7BB54F87A6B4}.Release_SteamES|Win32.ActiveCfg = Release|Win32
		{9E0F86C7-8DBA-498F-9038-7BB54F87A6B4}.Release_SteamES|Win32.Build.0 = Release|Win32
		{9E0F86C7-8DBA-498F-9038-7BB54F87A6B4}.Release_SteamFR|Win32.ActiveCfg = Release|Win32
		{9E0F86C7-8DBA-498F-9038-7BB54F87A6B4}.Release_SteamFR|Win32.Build.0 = Release|Win32
		{9E0F86C7-8DBA-498F-9038-7BB54F87A6B4}.Release_SteamID|Win32.ActiveCfg = Release|Win32
		{9E0F86C7-8DBA-498F-9038-7BB54F87A6B4}.Release_SteamID|Win32.Build.0 = Release|Win32
		{9E0F86C7-8DBA-498F-9038-7BB54F87A6B4}.Release_SteamZH|Win32.ActiveCfg = Release|Win32
		{9E0F86C7-8DBA-498F-9038-7BB54F87A6B4}.Release_SteamZH|Win32.Build.0 = Release|Win32
		{9E0F86C7-8DBA-498F-9038-7BB54F87A6B4}.Release_SteamZHTW|Win32.ActiveCfg = Release|Win32
		{9E0F86C7-8DBA-498F-9038-7BB54F87A6B4}.Release_SteamZHTW|Win32.Build.0 = Release|Win32
		{9E0F86C7-8DBA-498F-9038-7BB54F87A6B4}.Release_ZH|Win32.ActiveCfg = Release|Win32
		{9E0F86C7-8DBA-498F-9038-7BB54F87A6B4}.Release_ZH|Win32.Build.0 = Release|Win32
		{9E0F86C7-8DBA-498F-9038-7BB54F87A6B4}.Release_ZHTW|Win32.ActiveCfg = Release|Win32
		{9E0F86C7-8DBA-498F-9038-7BB54F87A6B4}.Release_ZHTW|Win32.Build.0 = Release|Win32
		{9E0F86C7-8DBA-498F-9038-7BB54F87A6B4}.Release|Win32.ActiveCfg = Release|Win32
		{9E0F86C7-8DBA-498F-9038-7BB54F87A6B4}.Release|Win32.Build.0 = Release|Win32
		{9E0F86C7-8DBA-498F-9038-7BB54F87A6B4}.Test_DE|Win32.ActiveCfg = Release|Win32
		{9E0F86C7-8DBA-498F-9038-7BB54F87A6B4}.Test_DE|Win32.Build.0 = Release|Win32
		{9E0F86C7-8DBA-498F-9038-7BB54F87A6B4}.Test_Emote|Win32.ActiveCfg = Release|Win32
		{9E0F86C7-8DBA-498F-9038-7BB54F87A6B4}.Test_Emote|Win32.Build.0 = Release|Win32
		{9E0F86C7-8DBA-498F-9038-7BB54F87A6B4}.Test_EN|Win32.ActiveCfg = Release|Win32
		{9E0F86C7-8DBA-498F-9038-7BB54F87A6B4}.Test_EN|Win32.Build.0 = Release|Win32
		{9E0F86C7-8DBA-498F-9038-7BB54F87A6B4}.Test_ES|Win32.ActiveCfg = Release|Win32
		{9E0F86C7-8DBA-498F-9038-7BB54F87A6B4}.Test_ES|Win32.Build.0 = Release|Win32
		{9E0F86C7-8DBA-498F-9038-7BB54F87A6B4}.Test_FR|Win32.ActiveCfg = Release|Win32
		{9E0F86C7-8DBA-498F-9038-7BB54F87A6B4}.Test_FR|Win32.Build.0 = Release|Win32
		{9E0F86C7-8DBA-498F-9038-7BB54F87A6B4}.Test_ID|Win32.ActiveCfg = Release|Win32
		{9E0F86C7-8DBA-498F-9038-7BB54F87A6B4}.Test_ID|Win32.Build.0 = Release|Win32
		{9E0F86C7-8DBA-498F-9038-7BB54F87A6B4}.Test_ZH|Win32.ActiveCfg = Release|Win32
		{9E0F86C7-8DBA-498F-9038-7BB54F87A6B4}.Test_ZH|Win32.Build.0 = Release|Win32
		{9E0F86C7-8DBA-498F-9038-7BB54F87A6B4}.Test_ZHTW|Win32.ActiveCfg = Release|Win32
		{9E0F86C7-8DBA-498F-9038-7BB54F87A6B4}.Test_ZHTW|Win32.Build.0 = Release|Win32
		{9E0F86C7-8DBA-498F-9038-7BB54F87A6B4}.Test|Win32.ActiveCfg = Release|Win32
		{9E0F86C7-8DBA-498F-9038-7BB54F87A6B4}.Test|Win32.Build.0 = Release|Win32
		{9C1ED60D-3D5F-4193-81EE-B201D384ADA8}.Debug_Emote|Win32.ActiveCfg = Debug_Siglus|Win32
		{9C1ED60D-3D5F-4193-81EE-B201D384ADA8}.Debug_Emote|Win32.Build.0 = Debug_Siglus|Win32
		{9C1ED60D-3D5F-4193-81EE-B201D384ADA8}.Debug_EN|Win32.ActiveCfg = Debug_Siglus|Win32
		{9C1ED60D-3D5F-4193-81EE-B201D384ADA8}.Debug_EN|Win32.Build.0 = Debug_Siglus|Win32
		{9C1ED60D-3D5F-4193-81EE-B201D384ADA8}.Debug_Steam|Win32.ActiveCfg = Debug_Siglus|Win32
		{9C1ED60D-3D5F-4193-81EE-B201D384ADA8}.Debug_Steam|Win32.Build.0 = Debug_Siglus|Win32
		{9C1ED60D-3D5F-4193-81EE-B201D384ADA8}.Debug_SteamEN|Win32.ActiveCfg = Debug_Siglus|Win32
		{9C1ED60D-3D5F-4193-81EE-B201D384ADA8}.Debug_SteamEN|Win32.Build.0 = Debug_Siglus|Win32
		{9C1ED60D-3D5F-4193-81EE-B201D384ADA8}.Debug_ZH|Win32.ActiveCfg = Debug_Siglus|Win32
		{9C1ED60D-3D5F-4193-81EE-B201D384ADA8}.Debug_ZH|Win32.Build.0 = Debug_Siglus|Win32
		{9C1ED60D-3D5F-4193-81EE-B201D384ADA8}.Debug|Win32.ActiveCfg = Debug_Siglus|Win32
		{9C1ED60D-3D5F-4193-81EE-B201D384ADA8}.Debug|Win32.Build.0 = Debug_Siglus|Win32
		{9C1ED60D-3D5F-4193-81EE-B201D384ADA8}.Release_Emote|Win32.ActiveCfg = Release_Siglus|Win32
		{9C1ED60D-3D5F-4193-81EE-B201D384ADA8}.Release_Emote|Win32.Build.0 = Release_Siglus|Win32
		{9C1ED60D-3D5F-4193-81EE-B201D384ADA8}.Release_EN|Win32.ActiveCfg = Release_Siglus|Win32
		{9C1ED60D-3D5F-4193-81EE-B201D384ADA8}.Release_EN|Win32.Build.0 = Release_Siglus|Win32
		{9C1ED60D-3D5F-4193-81EE-B201D384ADA8}.Release_Steam|Win32.ActiveCfg = Release_Siglus|Win32
		{9C1ED60D-3D5F-4193-81EE-B201D384ADA8}.Release_Steam|Win32.Build.0 = Release_Siglus|Win32
		{9C1ED60D-3D5F-4193-81EE-B201D384ADA8}.Release_SteamDE|Win32.ActiveCfg = Release_Siglus|Win32
		{9C1ED60D-3D5F-4193-81EE-B201D384ADA8}.Release_SteamDE|Win32.Build.0 = Release_Siglus|Win32
		{9C1ED60D-3D5F-4193-81EE-B201D384ADA8}.Release_SteamEN|Win32.ActiveCfg = Release_Siglus|Win32
		{9C1ED60D-3D5F-4193-81EE-B201D384ADA8}.Release_SteamEN|Win32.Build.0 = Release_Siglus|Win32
		{9C1ED60D-3D5F-4193-81EE-B201D384ADA8}.Release_SteamES|Win32.ActiveCfg = Release_Siglus|Win32
		{9C1ED60D-3D5F-4193-81EE-B201D384ADA8}.Release_SteamES|Win32.Build.0 = Release_Siglus|Win32
		{9C1ED60D-3D5F-4193-81EE-B201D384ADA8}.Release_SteamFR|Win32.ActiveCfg = Release_Siglus|Win32
		{9C1ED60D-3D5F-4193-81EE-B201D384ADA8}.Release_SteamFR|Win32.Build.0 = Release_Siglus|Win32
		{9C1ED60D-3D5F-4193-81EE-B201D384ADA8}.Release_SteamID|Win32.ActiveCfg = Release_Siglus|Win32
		{9C1ED60D-3D5F-4193-81EE-B201D384ADA8}.Release_SteamID|Win32.Build.0 = Release_Siglus|Win32
		{9C1ED60D-3D5F-4193-81EE-B201D384ADA8}.Release_SteamZH|Win32.ActiveCfg = Release_Siglus|Win32
		{9C1ED60D-3D5F-4193-81EE-B201D384ADA8}.Release_SteamZH|Win32.Build.0 = Release_Siglus|Win32
		{9C1ED60D-3D5F-4193-81EE-B201D384ADA8}.Release_SteamZHTW|Win32.ActiveCfg = Release_Siglus|Win32
		{9C1ED60D-3D5F-4193-81EE-B201D384ADA8}.Release_SteamZHTW|Win32.Build.0 = Release_Siglus|Win32
		{9C1ED60D-3D5F-4193-81EE-B201D384ADA8}.Release_ZH|Win32.ActiveCfg = Release_Siglus|Win32
		{9C1ED60D-3D5F-4193-81EE-B201D384ADA8}.Release_ZH|Win32.Build.0 = Release_Siglus|Win32
		{9C1ED60D-3D5F-4193-81EE-B201D384ADA8}.Release_ZHTW|Win32.ActiveCfg = Release_Siglus|Win32
		{9C1ED60D-3D5F-4193-81EE-B201D384ADA8}.Release_ZHTW|Win32.Build.0 = Release_Siglus|Win32
		{9C1ED60D-3D5F-4193-81EE-B201D384ADA8}.Release|Win32.ActiveCfg = Release_Siglus|Win32
		{9C1ED60D-3D5F-4193-81EE-B201D384ADA8}.Release|Win32.Build.0 = Release_Siglus|Win32
		{9C1ED60D-3D5F-4193-81EE-B201D384ADA8}.Test_DE|Win32.ActiveCfg = Test_Siglus|Win32
		{9C1ED60D-3D5F-4193-81EE-B201D384ADA8}.Test_DE|Win32.Build.0 = Test_Siglus|Win32
		{9C1ED60D-3D5F-4193-81EE-B201D384ADA8}.Test_Emote|Win32.ActiveCfg = Test_Siglus|Win32
		{9C1ED60D-3D5F-4193-81EE-B201D384ADA8}.Test_Emote|Win32.Build.0 = Test_Siglus|Win32
		{9C1ED60D-3D5F-4193-81EE-B201D384ADA8}.Test_EN|Win32.ActiveCfg = Test_Siglus|Win32
		{9C1ED60D-3D5F-4193-81EE-B201D384ADA8}.Test_EN|Win32.Build.0 = Test_Siglus|Win32
		{9C1ED60D-3D5F-4193-81EE-B201D384ADA8}.Test_ES|Win32.ActiveCfg = Test_Siglus|Win32
		{9C1ED60D-3D5F-4193-81EE-B201D384ADA8}.Test_ES|Win32.Build.0 = Test_Siglus|Win32
		{9C1ED60D-3D5F-4193-81EE-B201D384ADA8}.Test_FR|Win32.ActiveCfg = Test_Siglus|Win32
		{9C1ED60D-3D5F-4193-81EE-B201D384ADA8}.Test_FR|Win32.Build.0 = Test_Siglus|Win32
		{9C1ED60D-3D5F-4193-81EE-B201D384ADA8}.Test_ID|Win32.ActiveCfg = Test_Siglus|Win32
		{9C1ED60D-3D5F-4193-81EE-B201D384ADA8}.Test_ID|Win32.Build.0 = Test_Siglus|Win32
		{9C1ED60D-3D5F-4193-81EE-B201D384ADA8}.Test_ZH|Win32.ActiveCfg = Test_Siglus|Win32
		{9C1ED60D-3D5F-4193-81EE-B201D384ADA8}.Test_ZH|Win32.Build.0 = Test_Siglus|Win32
		{9C1ED60D-3D5F-4193-81EE-B201D384ADA8}.Test_ZHTW|Win32.ActiveCfg = Test_Siglus|Win32
		{9C1ED60D-3D5F-4193-81EE-B201D384ADA8}.Test_ZHTW|Win32.Build.0 = Test_Siglus|Win32
		{9C1ED60D-3D5F-4193-81EE-B201D384ADA8}.Test|Win32.ActiveCfg = Test_Siglus|Win32
		{9C1ED60D-3D5F-4193-81EE-B201D384ADA8}.Test|Win32.Build.0 = Test_Siglus|Win32
	EndGlobalSection
	GlobalSection(SolutionProperties) = preSolution
		HideSolutionNode = FALSE
	EndGlobalSection
EndGlobal
